// !$*UTF8*$!
{
	archiveVersion = 1;
	classes = {
	};
	objectVersion = 46;
	objects = {

/* Begin PBXBuildFile section */
		AC30064E1B21E8820028B70F /* main.m in Sources */ = {isa = PBXBuildFile; fileRef = AC30064D1B21E8820028B70F /* main.m */; };
		AC3006511B21E8820028B70F /* AppDelegate.m in Sources */ = {isa = PBXBuildFile; fileRef = AC3006501B21E8820028B70F /* AppDelegate.m */; };
		AC3006541B21E8820028B70F /* ViewController.m in Sources */ = {isa = PBXBuildFile; fileRef = AC3006531B21E8820028B70F /* ViewController.m */; };
		AC3006571B21E8820028B70F /* Main.storyboard in Resources */ = {isa = PBXBuildFile; fileRef = AC3006551B21E8820028B70F /* Main.storyboard */; };
		AC3006591B21E8820028B70F /* Images.xcassets in Resources */ = {isa = PBXBuildFile; fileRef = AC3006581B21E8820028B70F /* Images.xcassets */; };
		AC30065C1B21E8820028B70F /* LaunchScreen.xib in Resources */ = {isa = PBXBuildFile; fileRef = AC30065A1B21E8820028B70F /* LaunchScreen.xib */; };
		AC3006681B21E8820028B70F /* TableViewApplicationTests.m in Sources */ = {isa = PBXBuildFile; fileRef = AC3006671B21E8820028B70F /* TableViewApplicationTests.m */; };
/* End PBXBuildFile section */

/* Begin PBXContainerItemProxy section */
		AC3006621B21E8820028B70F /* PBXContainerItemProxy */ = {
			isa = PBXContainerItemProxy;
			containerPortal = AC3006401B21E8820028B70F /* Project object */;
			proxyType = 1;
			remoteGlobalIDString = AC3006471B21E8820028B70F;
			remoteInfo = TableViewApplication;
		};
/* End PBXContainerItemProxy section */

/* Begin PBXFileReference section */
		AC3006481B21E8820028B70F /* TableViewApplication.app */ = {isa = PBXFileReference; explicitFileType = wrapper.application; includeInIndex = 0; path = TableViewApplication.app; sourceTree = BUILT_PRODUCTS_DIR; };
		AC30064C1B21E8820028B70F /* Info.plist */ = {isa = PBXFileReference; lastKnownFileType = text.plist.xml; path = Info.plist; sourceTree = "<group>"; };
		AC30064D1B21E8820028B70F /* main.m */ = {isa = PBXFileReference; lastKnownFileType = sourcecode.c.objc; path = main.m; sourceTree = "<group>"; };
		AC30064F1B21E8820028B70F /* AppDelegate.h */ = {isa = PBXFileReference; lastKnownFileType = sourcecode.c.h; path = AppDelegate.h; sourceTree = "<group>"; };
		AC3006501B21E8820028B70F /* AppDelegate.m */ = {isa = PBXFileReference; lastKnownFileType = sourcecode.c.objc; path = AppDelegate.m; sourceTree = "<group>"; };
		AC3006521B21E8820028B70F /* ViewController.h */ = {isa = PBXFileReference; lastKnownFileType = sourcecode.c.h; path = ViewController.h; sourceTree = "<group>"; };
		AC3006531B21E8820028B70F /* ViewController.m */ = {isa = PBXFileReference; lastKnownFileType = sourcecode.c.objc; path = ViewController.m; sourceTree = "<group>"; };
		AC3006561B21E8820028B70F /* Base */ = {isa = PBXFileReference; lastKnownFileType = file.storyboard; name = Base; path = Base.lproj/Main.storyboard; sourceTree = "<group>"; };
		AC3006581B21E8820028B70F /* Images.xcassets */ = {isa = PBXFileReference; lastKnownFileType = folder.assetcatalog; path = Images.xcassets; sourceTree = "<group>"; };
		AC30065B1B21E8820028B70F /* Base */ = {isa = PBXFileReference; lastKnownFileType = file.xib; name = Base; path = Base.lproj/LaunchScreen.xib; sourceTree = "<group>"; };
		AC3006611B21E8820028B70F /* TableViewApplicationTests.xctest */ = {isa = PBXFileReference; explicitFileType = wrapper.cfbundle; includeInIndex = 0; path = TableViewApplicationTests.xctest; sourceTree = BUILT_PRODUCTS_DIR; };
		AC3006661B21E8820028B70F /* Info.plist */ = {isa = PBXFileReference; lastKnownFileType = text.plist.xml; path = Info.plist; sourceTree = "<group>"; };
		AC3006671B21E8820028B70F /* TableViewApplicationTests.m */ = {isa = PBXFileReference; lastKnownFileType = sourcecode.c.objc; path = TableViewApplicationTests.m; sourceTree = "<group>"; };
/* End PBXFileReference section */

/* Begin PBXFrameworksBuildPhase section */
		AC3006451B21E8820028B70F /* Frameworks */ = {
			isa = PBXFrameworksBuildPhase;
			buildActionMask = 2147483647;
			files = (
			);
			runOnlyForDeploymentPostprocessing = 0;
		};
		AC30065E1B21E8820028B70F /* Frameworks */ = {
			isa = PBXFrameworksBuildPhase;
			buildActionMask = 2147483647;
			files = (
			);
			runOnlyForDeploymentPostprocessing = 0;
		};
/* End PBXFrameworksBuildPhase section */

/* Begin PBXGroup section */
		AC30063F1B21E8820028B70F = {
			isa = PBXGroup;
			children = (
				AC30064A1B21E8820028B70F /* TableViewApplication */,
				AC3006641B21E8820028B70F /* TableViewApplicationTests */,
				AC3006491B21E8820028B70F /* Products */,
			);
			sourceTree = "<group>";
		};
		AC3006491B21E8820028B70F /* Products */ = {
			isa = PBXGroup;
			children = (
				AC3006481B21E8820028B70F /* TableViewApplication.app */,
				AC3006611B21E8820028B70F /* TableViewApplicationTests.xctest */,
			);
			name = Products;
			sourceTree = "<group>";
		};
		AC30064A1B21E8820028B70F /* TableViewApplication */ = {
			isa = PBXGroup;
			children = (
				AC30064F1B21E8820028B70F /* AppDelegate.h */,
				AC3006501B21E8820028B70F /* AppDelegate.m */,
				AC3006521B21E8820028B70F /* ViewController.h */,
				AC3006531B21E8820028B70F /* ViewController.m */,
				AC3006551B21E8820028B70F /* Main.storyboard */,
				AC3006581B21E8820028B70F /* Images.xcassets */,
				AC30065A1B21E8820028B70F /* LaunchScreen.xib */,
				AC30064B1B21E8820028B70F /* Supporting Files */,
			);
			path = TableViewApplication;
			sourceTree = "<group>";
		};
		AC30064B1B21E8820028B70F /* Supporting Files */ = {
			isa = PBXGroup;
			children = (
				AC30064C1B21E8820028B70F /* Info.plist */,
				AC30064D1B21E8820028B70F /* main.m */,
			);
			name = "Supporting Files";
			sourceTree = "<group>";
		};
		AC3006641B21E8820028B70F /* TableViewApplicationTests */ = {
			isa = PBXGroup;
			children = (
				AC3006671B21E8820028B70F /* TableViewApplicationTests.m */,
				AC3006651B21E8820028B70F /* Supporting Files */,
			);
			path = TableViewApplicationTests;
			sourceTree = "<group>";
		};
		AC3006651B21E8820028B70F /* Supporting Files */ = {
			isa = PBXGroup;
			children = (
				AC3006661B21E8820028B70F /* Info.plist */,
			);
			name = "Supporting Files";
			sourceTree = "<group>";
		};
/* End PBXGroup section */

/* Begin PBXNativeTarget section */
		AC3006471B21E8820028B70F /* TableViewApplication */ = {
			isa = PBXNativeTarget;
			buildConfigurationList = AC30066B1B21E8820028B70F /* Build configuration list for PBXNativeTarget "TableViewApplication" */;
			buildPhases = (
				AC3006441B21E8820028B70F /* Sources */,
				AC3006451B21E8820028B70F /* Frameworks */,
				AC3006461B21E8820028B70F /* Resources */,
			);
			buildRules = (
			);
			dependencies = (
			);
			name = TableViewApplication;
			productName = TableViewApplication;
			productReference = AC3006481B21E8820028B70F /* TableViewApplication.app */;
			productType = "com.apple.product-type.application";
		};
		AC3006601B21E8820028B70F /* TableViewApplicationTests */ = {
			isa = PBXNativeTarget;
			buildConfigurationList = AC30066E1B21E8820028B70F /* Build configuration list for PBXNativeTarget "TableViewApplicationTests" */;
			buildPhases = (
				AC30065D1B21E8820028B70F /* Sources */,
				AC30065E1B21E8820028B70F /* Frameworks */,
				AC30065F1B21E8820028B70F /* Resources */,
			);
			buildRules = (
			);
			dependencies = (
				AC3006631B21E8820028B70F /* PBXTargetDependency */,
			);
			name = TableViewApplicationTests;
			productName = TableViewApplicationTests;
			productReference = AC3006611B21E8820028B70F /* TableViewApplicationTests.xctest */;
			productType = "com.apple.product-type.bundle.unit-test";
		};
/* End PBXNativeTarget section */

/* Begin PBXProject section */
		AC3006401B21E8820028B70F /* Project object */ = {
			isa = PBXProject;
			attributes = {
				LastUpgradeCheck = 0630;
				ORGANIZATIONNAME = "Jose Luis Galassi Junior";
				TargetAttributes = {
					AC3006471B21E8820028B70F = {
						CreatedOnToolsVersion = 6.3.2;
					};
					AC3006601B21E8820028B70F = {
						CreatedOnToolsVersion = 6.3.2;
						TestTargetID = AC3006471B21E8820028B70F;
					};
				};
			};
			buildConfigurationList = AC3006431B21E8820028B70F /* Build configuration list for PBXProject "TableViewApplication" */;
			compatibilityVersion = "Xcode 3.2";
			developmentRegion = English;
			hasScannedForEncodings = 0;
			knownRegions = (
				en,
				Base,
			);
			mainGroup = AC30063F1B21E8820028B70F;
			productRefGroup = AC3006491B21E8820028B70F /* Products */;
			projectDirPath = "";
			projectRoot = "";
			targets = (
				AC3006471B21E8820028B70F /* TableViewApplication */,
				AC3006601B21E8820028B70F /* TableViewApplicationTests */,
			);
		};
/* End PBXProject section */

/* Begin PBXResourcesBuildPhase section */
		AC3006461B21E8820028B70F /* Resources */ = {
			isa = PBXResourcesBuildPhase;
			buildActionMask = 2147483647;
			files = (
				AC3006571B21E8820028B70F /* Main.storyboard in Resources */,
				AC30065C1B21E8820028B70F /* LaunchScreen.xib in Resources */,
				AC3006591B21E8820028B70F /* Images.xcassets in Resources */,
			);
			runOnlyForDeploymentPostprocessing = 0;
		};
		AC30065F1B21E8820028B70F /* Resources */ = {
			isa = PBXResourcesBuildPhase;
			buildActionMask = 2147483647;
			files = (
			);
			runOnlyForDeploymentPostprocessing = 0;
		};
/* End PBXResourcesBuildPhase section */

/* Begin PBXSourcesBuildPhase section */
		AC3006441B21E8820028B70F /* Sources */ = {
			isa = PBXSourcesBuildPhase;
			buildActionMask = 2147483647;
			files = (
				AC3006541B21E8820028B70F /* ViewController.m in Sources */,
				AC3006511B21E8820028B70F /* AppDelegate.m in Sources */,
				AC30064E1B21E8820028B70F /* main.m in Sources */,
			);
			runOnlyForDeploymentPostprocessing = 0;
		};
		AC30065D1B21E8820028B70F /* Sources */ = {
			isa = PBXSourcesBuildPhase;
			buildActionMask = 2147483647;
			files = (
				AC3006681B21E8820028B70F /* TableViewApplicationTests.m in Sources */,
			);
			runOnlyForDeploymentPostprocessing = 0;
		};
/* End PBXSourcesBuildPhase section */

/* Begin PBXTargetDependency section */
		AC3006631B21E8820028B70F /* PBXTargetDependency */ = {
			isa = PBXTargetDependency;
			target = AC3006471B21E8820028B70F /* TableViewApplication */;
			targetProxy = AC3006621B21E8820028B70F /* PBXContainerItemProxy */;
		};
/* End PBXTargetDependency section */

/* Begin PBXVariantGroup section */
		AC3006551B21E8820028B70F /* Main.storyboard */ = {
			isa = PBXVariantGroup;
			children = (
				AC3006561B21E8820028B70F /* Base */,
			);
			name = Main.storyboard;
			sourceTree = "<group>";
		};
		AC30065A1B21E8820028B70F /* LaunchScreen.xib */ = {
			isa = PBXVariantGroup;
			children = (
				AC30065B1B21E8820028B70F /* Base */,
			);
			name = LaunchScreen.xib;
			sourceTree = "<group>";
		};
/* End PBXVariantGroup section */

/* Begin XCBuildConfiguration section */
		AC3006691B21E8820028B70F /* Debug */ = {
			isa = XCBuildConfiguration;
			buildSettings = {
				ALWAYS_SEARCH_USER_PATHS = NO;
				CLANG_CXX_LANGUAGE_STANDARD = "gnu++0x";
				CLANG_CXX_LIBRARY = "libc++";
				CLANG_ENABLE_MODULES = YES;
				CLANG_ENABLE_OBJC_ARC = YES;
				CLANG_WARN_BOOL_CONVERSION = YES;
				CLANG_WARN_CONSTANT_CONVERSION = YES;
				CLANG_WARN_DIRECT_OBJC_ISA_USAGE = YES_ERROR;
				CLANG_WARN_EMPTY_BODY = YES;
				CLANG_WARN_ENUM_CONVERSION = YES;
				CLANG_WARN_INT_CONVERSION = YES;
				CLANG_WARN_OBJC_ROOT_CLASS = YES_ERROR;
				CLANG_WARN_UNREACHABLE_CODE = YES;
				CLANG_WARN__DUPLICATE_METHOD_MATCH = YES;
				"CODE_SIGN_IDENTITY[sdk=iphoneos*]" = "iPhone Developer";
				COPY_PHASE_STRIP = NO;
				DEBUG_INFORMATION_FORMAT = "dwarf-with-dsym";
				ENABLE_STRICT_OBJC_MSGSEND = YES;
				GCC_C_LANGUAGE_STANDARD = gnu99;
				GCC_DYNAMIC_NO_PIC = NO;
				GCC_NO_COMMON_BLOCKS = YES;
				GCC_OPTIMIZATION_LEVEL = 0;
				GCC_PREPROCESSOR_DEFINITIONS = (
					"DEBUG=1",
					"$(inherited)",
				);
				GCC_SYMBOLS_PRIVATE_EXTERN = NO;
				GCC_WARN_64_TO_32_BIT_CONVERSION = YES;
				GCC_WARN_ABOUT_RETURN_TYPE = YES_ERROR;
				GCC_WARN_UNDECLARED_SELECTOR = YES;
				GCC_WARN_UNINITIALIZED_AUTOS = YES_AGGRESSIVE;
				GCC_WARN_UNUSED_FUNCTION = YES;
				GCC_WARN_UNUSED_VARIABLE = YES;
				IPHONEOS_DEPLOYMENT_TARGET = 8.3;
				MTL_ENABLE_DEBUG_INFO = YES;
				ONLY_ACTIVE_ARCH = YES;
				SDKROOT = iphoneos;
			};
			name = Debug;
		};
		AC30066A1B21E8820028B70F /* Release */ = {
			isa = XCBuildConfiguration;
			buildSettings = {
				ALWAYS_SEARCH_USER_PATHS = NO;
				CLANG_CXX_LANGUAGE_STANDARD = "gnu++0x";
				CLANG_CXX_LIBRARY = "libc++";
				CLANG_ENABLE_MODULES = YES;
				CLANG_ENABLE_OBJC_ARC = YES;
				CLANG_WARN_BOOL_CONVERSION = YES;
				CLANG_WARN_CONSTANT_CONVERSION = YES;
				CLANG_WARN_DIRECT_OBJC_ISA_USAGE = YES_ERROR;
				CLANG_WARN_EMPTY_BODY = YES;
				CLANG_WARN_ENUM_CONVERSION = YES;
				CLANG_WARN_INT_CONVERSION = YES;
				CLANG_WARN_OBJC_ROOT_CLASS = YES_ERROR;
				CLANG_WARN_UNREACHABLE_CODE = YES;
				CLANG_WARN__DUPLICATE_METHOD_MATCH = YES;
				"CODE_SIGN_IDENTITY[sdk=iphoneos*]" = "iPhone Developer";
				COPY_PHASE_STRIP = NO;
				DEBUG_INFORMATION_FORMAT = "dwarf-with-dsym";
				ENABLE_NS_ASSERTIONS = NO;
				ENABLE_STRICT_OBJC_MSGSEND = YES;
				GCC_C_LANGUAGE_STANDARD = gnu99;
				GCC_NO_COMMON_BLOCKS = YES;
				GCC_WARN_64_TO_32_BIT_CONVERSION = YES;
				GCC_WARN_ABOUT_RETURN_TYPE = YES_ERROR;
				GCC_WARN_UNDECLARED_SELECTOR = YES;
				GCC_WARN_UNINITIALIZED_AUTOS = YES_AGGRESSIVE;
				GCC_WARN_UNUSED_FUNCTION = YES;
				GCC_WARN_UNUSED_VARIABLE = YES;
				IPHONEOS_DEPLOYMENT_TARGET = 8.3;
				MTL_ENABLE_DEBUG_INFO = NO;
				SDKROOT = iphoneos;
				VALIDATE_PRODUCT = YES;
			};
			name = Release;
		};
		AC30066C1B21E8820028B70F /* Debug */ = {
			isa = XCBuildConfiguration;
			buildSettings = {
				ASSETCATALOG_COMPILER_APPICON_NAME = AppIcon;
				INFOPLIST_FILE = TableViewApplication/Info.plist;
				LD_RUNPATH_SEARCH_PATHS = "$(inherited) @executable_path/Frameworks";
				PRODUCT_NAME = "$(TARGET_NAME)";
			};
			name = Debug;
		};
		AC30066D1B21E8820028B70F /* Release */ = {
			isa = XCBuildConfiguration;
			buildSettings = {
				ASSETCATALOG_COMPILER_APPICON_NAME = AppIcon;
				INFOPLIST_FILE = TableViewApplication/Info.plist;
				LD_RUNPATH_SEARCH_PATHS = "$(inherited) @executable_path/Frameworks";
				PRODUCT_NAME = "$(TARGET_NAME)";
			};
			name = Release;
		};
		AC30066F1B21E8820028B70F /* Debug */ = {
			isa = XCBuildConfiguration;
			buildSettings = {
				BUNDLE_LOADER = "$(TEST_HOST)";
				FRAMEWORK_SEARCH_PATHS = (
					"$(SDKROOT)/Developer/Library/Frameworks",
					"$(inherited)",
				);
				GCC_PREPROCESSOR_DEFINITIONS = (
					"DEBUG=1",
					"$(inherited)",
				);
				INFOPLIST_FILE = TableViewApplicationTests/Info.plist;
				LD_RUNPATH_SEARCH_PATHS = "$(inherited) @executable_path/Frameworks @loader_path/Frameworks";
				PRODUCT_NAME = "$(TARGET_NAME)";
				TEST_HOST = "$(BUILT_PRODUCTS_DIR)/TableViewApplication.app/TableViewApplication";
			};
			name = Debug;
		};
		AC3006701B21E8820028B70F /* Release */ = {
			isa = XCBuildConfiguration;
			buildSettings = {
				BUNDLE_LOADER = "$(TEST_HOST)";
				FRAMEWORK_SEARCH_PATHS = (
					"$(SDKROOT)/Developer/Library/Frameworks",
					"$(inherited)",
				);
				INFOPLIST_FILE = TableViewApplicationTests/Info.plist;
				LD_RUNPATH_SEARCH_PATHS = "$(inherited) @executable_path/Frameworks @loader_path/Frameworks";
				PRODUCT_NAME = "$(TARGET_NAME)";
				TEST_HOST = "$(BUILT_PRODUCTS_DIR)/TableViewApplication.app/TableViewApplication";
			};
			name = Release;
		};
/* End XCBuildConfiguration section */

/* Begin XCConfigurationList section */
		AC3006431B21E8820028B70F /* Build configuration list for PBXProject "TableViewApplication" */ = {
			isa = XCConfigurationList;
			buildConfigurations = (
				AC3006691B21E8820028B70F /* Debug */,
				AC30066A1B21E8820028B70F /* Release */,
			);
			defaultConfigurationIsVisible = 0;
			defaultConfigurationName = Release;
		};
		AC30066B1B21E8820028B70F /* Build configuration list for PBXNativeTarget "TableViewApplication" */ = {
			isa = XCConfigurationList;
			buildConfigurations = (
				AC30066C1B21E8820028B70F /* Debug */,
				AC30066D1B21E8820028B70F /* Release */,
			);
			defaultConfigurationIsVisible = 0;
		};
		AC30066E1B21E8820028B70F /* Build configuration list for PBXNativeTarget "TableViewApplicationTests" */ = {
			isa = XCConfigurationList;
			buildConfigurations = (
				AC30066F1B21E8820028B70F /* Debug */,
				AC3006701B21E8820028B70F /* Release */,
			);
			defaultConfigurationIsVisible = 0;
		};
/* End XCConfigurationList section */
	};
	rootObject = AC3006401B21E8820028B70F /* Project object */;
}
